
Microsoft Visual Studio Solution File, Format Version 12.00
# Visual Studio Version 16
VisualStudioVersion = 16.0.31515.178
MinimumVisualStudioVersion = 10.0.40219.1
Project("{FAE04EC0-301F-11D3-BF4B-00C04F79EFBC}") = "CompresionLZW", "CompresionLZW.csproj", "{DBEE6DFA-8B00-4096-8229-7A36FC02E9B9}"
EndProject
Global
	GlobalSection(SolutionConfigurationPlatforms) = preSolution
		Debug|Any CPU = Debug|Any CPU
		Release|Any CPU = Release|Any CPU
	EndGlobalSection
	GlobalSection(ProjectConfigurationPlatforms) = postSolution
		{DBEE6DFA-8B00-4096-8229-7A36FC02E9B9}.Debug|Any CPU.ActiveCfg = Debug|Any CPU
		{DBEE6DFA-8B00-4096-8229-7A36FC02E9B9}.Debug|Any CPU.Build.0 = Debug|Any CPU
		{DBEE6DFA-8B00-4096-8229-7A36FC02E9B9}.Release|Any CPU.ActiveCfg = Release|Any CPU
		{DBEE6DFA-8B00-4096-8229-7A36FC02E9B9}.Release|Any CPU.Build.0 = Release|Any CPU
	EndGlobalSection
	GlobalSection(SolutionProperties) = preSolution
		HideSolutionNode = FALSE
	EndGlobalSection
	GlobalSection(ExtensibilityGlobals) = postSolution
		SolutionGuid = {FB67A52E-DBBF-451C-B718-4A9323ED7D69}
	EndGlobalSection
EndGlobal
